
Microsoft Visual Studio Solution File, Format Version 11.00
# Visual C# Express 2010
Project("{FAE04EC0-301F-11D3-BF4B-00C04F79EFBC}") = "Cursos", "Cursos\Cursos.csproj", "{7D377307-0103-412D-8847-EA9CBB792DBC}"
EndProject
Global
	GlobalSection(SolutionConfigurationPlatforms) = preSolution
		Debug|x86 = Debug|x86
		Release|x86 = Release|x86
	EndGlobalSection
	GlobalSection(ProjectConfigurationPlatforms) = postSolution
		{7D377307-0103-412D-8847-EA9CBB792DBC}.Debug|x86.ActiveCfg = Debug|x86
		{7D377307-0103-412D-8847-EA9CBB792DBC}.Debug|x86.Build.0 = Debug|x86
		{7D377307-0103-412D-8847-EA9CBB792DBC}.Release|x86.ActiveCfg = Release|x86
		{7D377307-0103-412D-8847-EA9CBB792DBC}.Release|x86.Build.0 = Release|x86
	EndGlobalSection
	GlobalSection(SolutionProperties) = preSolution
		HideSolutionNode = FALSE
	EndGlobalSection
EndGlobal
