
Microsoft Visual Studio Solution File, Format Version 11.00
# Visual C# Express 2010
Project("{FAE04EC0-301F-11D3-BF4B-00C04F79EFBC}") = "Certo", "Certo\Certo.csproj", "{81D2ED80-C814-4721-BF3D-3289638082C6}"
EndProject
Global
	GlobalSection(SolutionConfigurationPlatforms) = preSolution
		Debug|x86 = Debug|x86
		Release|x86 = Release|x86
	EndGlobalSection
	GlobalSection(ProjectConfigurationPlatforms) = postSolution
		{81D2ED80-C814-4721-BF3D-3289638082C6}.Debug|x86.ActiveCfg = Debug|x86
		{81D2ED80-C814-4721-BF3D-3289638082C6}.Debug|x86.Build.0 = Debug|x86
		{81D2ED80-C814-4721-BF3D-3289638082C6}.Release|x86.ActiveCfg = Release|x86
		{81D2ED80-C814-4721-BF3D-3289638082C6}.Release|x86.Build.0 = Release|x86
	EndGlobalSection
	GlobalSection(SolutionProperties) = preSolution
		HideSolutionNode = FALSE
	EndGlobalSection
EndGlobal
