
Microsoft Visual Studio Solution File, Format Version 11.00
# Visual C# Express 2010
Project("{FAE04EC0-301F-11D3-BF4B-00C04F79EFBC}") = "Loja", "Loja\Loja.csproj", "{2D7F83FA-CE4D-412A-9731-284413584C1D}"
EndProject
Project("{FAE04EC0-301F-11D3-BF4B-00C04F79EFBC}") = "Negocios", "Negocios\Negocios.csproj", "{3C0BE4C8-72C0-4147-BCD6-CA48C39FB9F1}"
EndProject
Global
	GlobalSection(SolutionConfigurationPlatforms) = preSolution
		Debug|Any CPU = Debug|Any CPU
		Debug|Mixed Platforms = Debug|Mixed Platforms
		Debug|x86 = Debug|x86
		Release|Any CPU = Release|Any CPU
		Release|Mixed Platforms = Release|Mixed Platforms
		Release|x86 = Release|x86
	EndGlobalSection
	GlobalSection(ProjectConfigurationPlatforms) = postSolution
		{2D7F83FA-CE4D-412A-9731-284413584C1D}.Debug|Any CPU.ActiveCfg = Debug|x86
		{2D7F83FA-CE4D-412A-9731-284413584C1D}.Debug|Mixed Platforms.ActiveCfg = Debug|x86
		{2D7F83FA-CE4D-412A-9731-284413584C1D}.Debug|Mixed Platforms.Build.0 = Debug|x86
		{2D7F83FA-CE4D-412A-9731-284413584C1D}.Debug|x86.ActiveCfg = Debug|x86
		{2D7F83FA-CE4D-412A-9731-284413584C1D}.Debug|x86.Build.0 = Debug|x86
		{2D7F83FA-CE4D-412A-9731-284413584C1D}.Release|Any CPU.ActiveCfg = Release|x86
		{2D7F83FA-CE4D-412A-9731-284413584C1D}.Release|Mixed Platforms.ActiveCfg = Release|x86
		{2D7F83FA-CE4D-412A-9731-284413584C1D}.Release|Mixed Platforms.Build.0 = Release|x86
		{2D7F83FA-CE4D-412A-9731-284413584C1D}.Release|x86.ActiveCfg = Release|x86
		{2D7F83FA-CE4D-412A-9731-284413584C1D}.Release|x86.Build.0 = Release|x86
		{3C0BE4C8-72C0-4147-BCD6-CA48C39FB9F1}.Debug|Any CPU.ActiveCfg = Debug|Any CPU
		{3C0BE4C8-72C0-4147-BCD6-CA48C39FB9F1}.Debug|Any CPU.Build.0 = Debug|Any CPU
		{3C0BE4C8-72C0-4147-BCD6-CA48C39FB9F1}.Debug|Mixed Platforms.ActiveCfg = Debug|Any CPU
		{3C0BE4C8-72C0-4147-BCD6-CA48C39FB9F1}.Debug|Mixed Platforms.Build.0 = Debug|Any CPU
		{3C0BE4C8-72C0-4147-BCD6-CA48C39FB9F1}.Debug|x86.ActiveCfg = Debug|Any CPU
		{3C0BE4C8-72C0-4147-BCD6-CA48C39FB9F1}.Release|Any CPU.ActiveCfg = Release|Any CPU
		{3C0BE4C8-72C0-4147-BCD6-CA48C39FB9F1}.Release|Any CPU.Build.0 = Release|Any CPU
		{3C0BE4C8-72C0-4147-BCD6-CA48C39FB9F1}.Release|Mixed Platforms.ActiveCfg = Release|Any CPU
		{3C0BE4C8-72C0-4147-BCD6-CA48C39FB9F1}.Release|Mixed Platforms.Build.0 = Release|Any CPU
		{3C0BE4C8-72C0-4147-BCD6-CA48C39FB9F1}.Release|x86.ActiveCfg = Release|Any CPU
	EndGlobalSection
	GlobalSection(SolutionProperties) = preSolution
		HideSolutionNode = FALSE
	EndGlobalSection
EndGlobal
